
Microsoft Visual Studio Solution File, Format Version 12.00
# Visual Studio Version 17
VisualStudioVersion = 17.14.36109.1
MinimumVisualStudioVersion = 10.0.40219.1
Project("{FAE04EC0-301F-11D3-BF4B-00C04F79EFBC}") = "01_MainSubjects", "01_MainSubjects\01_MainSubjects.csproj", "{3CD07AE2-768B-4202-B628-D59F20FE3047}"
EndProject
Project("{FAE04EC0-301F-11D3-BF4B-00C04F79EFBC}") = "02_Variables", "02_Variables\02_Variables.csproj", "{B15B1CAD-FB33-4565-8E8F-7E94F90B7B9C}"
EndProject
Project("{FAE04EC0-301F-11D3-BF4B-00C04F79EFBC}") = "03_MakingDecision", "03_MakingDecision\03_MakingDecision.csproj", "{1A96CDAD-828E-42DB-A050-2A936AD7B685}"
EndProject
Project("{FAE04EC0-301F-11D3-BF4B-00C04F79EFBC}") = "04_Loops", "04_Loops\04_Loops.csproj", "{5F17EF8D-2E21-4CB2-84C0-6E4E4E4BC389}"
EndProject
Global
	GlobalSection(SolutionConfigurationPlatforms) = preSolution
		Debug|Any CPU = Debug|Any CPU
		Release|Any CPU = Release|Any CPU
	EndGlobalSection
	GlobalSection(ProjectConfigurationPlatforms) = postSolution
		{3CD07AE2-768B-4202-B628-D59F20FE3047}.Debug|Any CPU.ActiveCfg = Debug|Any CPU
		{3CD07AE2-768B-4202-B628-D59F20FE3047}.Debug|Any CPU.Build.0 = Debug|Any CPU
		{3CD07AE2-768B-4202-B628-D59F20FE3047}.Release|Any CPU.ActiveCfg = Release|Any CPU
		{3CD07AE2-768B-4202-B628-D59F20FE3047}.Release|Any CPU.Build.0 = Release|Any CPU
		{B15B1CAD-FB33-4565-8E8F-7E94F90B7B9C}.Debug|Any CPU.ActiveCfg = Debug|Any CPU
		{B15B1CAD-FB33-4565-8E8F-7E94F90B7B9C}.Debug|Any CPU.Build.0 = Debug|Any CPU
		{B15B1CAD-FB33-4565-8E8F-7E94F90B7B9C}.Release|Any CPU.ActiveCfg = Release|Any CPU
		{B15B1CAD-FB33-4565-8E8F-7E94F90B7B9C}.Release|Any CPU.Build.0 = Release|Any CPU
		{1A96CDAD-828E-42DB-A050-2A936AD7B685}.Debug|Any CPU.ActiveCfg = Debug|Any CPU
		{1A96CDAD-828E-42DB-A050-2A936AD7B685}.Debug|Any CPU.Build.0 = Debug|Any CPU
		{1A96CDAD-828E-42DB-A050-2A936AD7B685}.Release|Any CPU.ActiveCfg = Release|Any CPU
		{1A96CDAD-828E-42DB-A050-2A936AD7B685}.Release|Any CPU.Build.0 = Release|Any CPU
		{5F17EF8D-2E21-4CB2-84C0-6E4E4E4BC389}.Debug|Any CPU.ActiveCfg = Debug|Any CPU
		{5F17EF8D-2E21-4CB2-84C0-6E4E4E4BC389}.Debug|Any CPU.Build.0 = Debug|Any CPU
		{5F17EF8D-2E21-4CB2-84C0-6E4E4E4BC389}.Release|Any CPU.ActiveCfg = Release|Any CPU
		{5F17EF8D-2E21-4CB2-84C0-6E4E4E4BC389}.Release|Any CPU.Build.0 = Release|Any CPU
	EndGlobalSection
	GlobalSection(SolutionProperties) = preSolution
		HideSolutionNode = FALSE
	EndGlobalSection
	GlobalSection(ExtensibilityGlobals) = postSolution
		SolutionGuid = {742869E7-9015-4A7B-90D4-FF97B67F4A1B}
	EndGlobalSection
EndGlobal
